{
  "nodes": {
    "libkrun-src": {
      "flake": false,
      "locked": {
        "lastModified": 1779235645,
        "narHash": "sha256-rmRMZ5j3HlueCAXQLydjmMq45+hwhxSLWM02VvHokcY=",
        "owner": "smol-machines",
        "repo": "libkrun",
        "rev": "98163265197caa24a789699f16a68b98e917b65b",
        "type": "github"
      },
      "original": {
        "owner": "smol-machines",
        "repo": "libkrun",
        "rev": "98163265197caa24a789699f16a68b98e917b65b",
        "type": "github"
      }
    },
    "libkrunfw-src": {
      "flake": false,
      "locked": {
        "lastModified": 1778821066,
        "narHash": "sha256-g2DxDnnh52JCPg4ktPWFBi0J9203FCncGOzB3eiCRxQ=",
        "owner": "smol-machines",
        "repo": "libkrunfw",
        "rev": "516ceece6aed60ccc84ac8faa459885062e39400",
        "type": "github"
      },
      "original": {
        "owner": "smol-machines",
        "repo": "libkrunfw",
        "rev": "516ceece6aed60ccc84ac8faa459885062e39400",
        "type": "github"
      }
    },
    "nixpkgs": {
      "locked": {
        "lastModified": 1779357205,
        "narHash": "sha256-cCO8aTqss5x9Ky8GWkpY0Hy5fyTZEbtifSUV8QjSzic=",
        "owner": "NixOS",
        "repo": "nixpkgs",
        "rev": "f83fc3c307e74bc5fd5adb7eb6b8b13ffd2a36e1",
        "type": "github"
      },
      "original": {
        "owner": "NixOS",
        "ref": "nixos-unstable",
        "repo": "nixpkgs",
        "type": "github"
      }
    },
    "root": {
      "inputs": {
        "libkrun-src": "libkrun-src",
        "libkrunfw-src": "libkrunfw-src",
        "nixpkgs": "nixpkgs"
      }
    }
  },
  "root": "root",
  "version": 7
}
